
Microsoft Visual Studio Solution File, Format Version 12.00
# Visual Studio 2012
Project("{FAE04EC0-301F-11D3-BF4B-00C04F79EFBC}") = "Forays", "Forays\Forays.csproj", "{6C24A8BE-AD50-4BB8-8D76-E67B19D9CC01}"
EndProject
Project("{FAE04EC0-301F-11D3-BF4B-00C04F79EFBC}") = "Web4", "Web4\Web4.csproj", "{28CF99AE-A98C-4146-BAA1-830B99CC5AA3}"
EndProject
Global
	GlobalSection(SolutionConfigurationPlatforms) = preSolution
		Debug|Any CPU = Debug|Any CPU
		Release|Any CPU = Release|Any CPU
	EndGlobalSection
	GlobalSection(ProjectConfigurationPlatforms) = postSolution
		{6C24A8BE-AD50-4BB8-8D76-E67B19D9CC01}.Debug|Any CPU.ActiveCfg = Debug|Any CPU
		{6C24A8BE-AD50-4BB8-8D76-E67B19D9CC01}.Debug|Any CPU.Build.0 = Debug|Any CPU
		{6C24A8BE-AD50-4BB8-8D76-E67B19D9CC01}.Release|Any CPU.ActiveCfg = Release|Any CPU
		{6C24A8BE-AD50-4BB8-8D76-E67B19D9CC01}.Release|Any CPU.Build.0 = Release|Any CPU
		{28CF99AE-A98C-4146-BAA1-830B99CC5AA3}.Debug|Any CPU.ActiveCfg = Debug|Any CPU
		{28CF99AE-A98C-4146-BAA1-830B99CC5AA3}.Debug|Any CPU.Build.0 = Debug|Any CPU
		{28CF99AE-A98C-4146-BAA1-830B99CC5AA3}.Release|Any CPU.ActiveCfg = Release|Any CPU
		{28CF99AE-A98C-4146-BAA1-830B99CC5AA3}.Release|Any CPU.Build.0 = Release|Any CPU
	EndGlobalSection
	GlobalSection(SolutionProperties) = preSolution
		HideSolutionNode = FALSE
	EndGlobalSection
EndGlobal
